
Microsoft Visual Studio Solution File, Format Version 12.00
# Visual Studio Version 17
VisualStudioVersion = 17.13.35806.99 d17.13
MinimumVisualStudioVersion = 10.0.40219.1
Project("{FAE04EC0-301F-11D3-BF4B-00C04F79EFBC}") = "KisiselBilgiDogrulama", "KisiselBilgiDogrulama\KisiselBilgiDogrulama.csproj", "{2358A33A-6389-45BD-8551-5EC181FB2563}"
EndProject
Global
	GlobalSection(SolutionConfigurationPlatforms) = preSolution
		Debug|Any CPU = Debug|Any CPU
		Release|Any CPU = Release|Any CPU
	EndGlobalSection
	GlobalSection(ProjectConfigurationPlatforms) = postSolution
		{2358A33A-6389-45BD-8551-5EC181FB2563}.Debug|Any CPU.ActiveCfg = Debug|Any CPU
		{2358A33A-6389-45BD-8551-5EC181FB2563}.Debug|Any CPU.Build.0 = Debug|Any CPU
		{2358A33A-6389-45BD-8551-5EC181FB2563}.Release|Any CPU.ActiveCfg = Release|Any CPU
		{2358A33A-6389-45BD-8551-5EC181FB2563}.Release|Any CPU.Build.0 = Release|Any CPU
	EndGlobalSection
	GlobalSection(SolutionProperties) = preSolution
		HideSolutionNode = FALSE
	EndGlobalSection
	GlobalSection(ExtensibilityGlobals) = postSolution
		SolutionGuid = {4DB64991-62AD-4D42-9C1E-E2B0EF54DE52}
	EndGlobalSection
EndGlobal
